
Microsoft Visual Studio Solution File, Format Version 12.00
# Visual Studio 15
VisualStudioVersion = 15.0.28307.572
MinimumVisualStudioVersion = 10.0.40219.1
Project("{FAE04EC0-301F-11D3-BF4B-00C04F79EFBC}") = "TEST", "TEST\TEST.csproj", "{EC647F40-839A-4ACD-BBEF-054A73DFD227}"
EndProject
Global
	GlobalSection(SolutionConfigurationPlatforms) = preSolution
		Debug|Any CPU = Debug|Any CPU
		Release|Any CPU = Release|Any CPU
	EndGlobalSection
	GlobalSection(ProjectConfigurationPlatforms) = postSolution
		{EC647F40-839A-4ACD-BBEF-054A73DFD227}.Debug|Any CPU.ActiveCfg = Debug|Any CPU
		{EC647F40-839A-4ACD-BBEF-054A73DFD227}.Debug|Any CPU.Build.0 = Debug|Any CPU
		{EC647F40-839A-4ACD-BBEF-054A73DFD227}.Release|Any CPU.ActiveCfg = Release|Any CPU
		{EC647F40-839A-4ACD-BBEF-054A73DFD227}.Release|Any CPU.Build.0 = Release|Any CPU
	EndGlobalSection
	GlobalSection(SolutionProperties) = preSolution
		HideSolutionNode = FALSE
	EndGlobalSection
	GlobalSection(ExtensibilityGlobals) = postSolution
		SolutionGuid = {65B52322-2A43-4759-A0D5-E7E87907875E}
	EndGlobalSection
EndGlobal
